
Microsoft Visual Studio Solution File, Format Version 11.00
# Visual Studio 2010
Project("{FAE04EC0-301F-11D3-BF4B-00C04F79EFBC}") = "XamarinEvolveAndroid", "XamarinEvolveAndroid.csproj", "{E009B8FB-71DC-4DB9-A368-67D3592F37FD}"
EndProject
Project("{FAE04EC0-301F-11D3-BF4B-00C04F79EFBC}") = "XamarinEvolveSSLibraryAndroid", "..\XamarinEvolveSSLibrary\XamarinEvolveSSLibraryAndroid.csproj", "{64DBC538-E352-421D-9506-0590A01D9307}"
EndProject
Global
	GlobalSection(SolutionConfigurationPlatforms) = preSolution
		Debug|Any CPU = Debug|Any CPU
		Release|Any CPU = Release|Any CPU
	EndGlobalSection
	GlobalSection(ProjectConfigurationPlatforms) = postSolution
		{64DBC538-E352-421D-9506-0590A01D9307}.Debug|Any CPU.ActiveCfg = Debug|Any CPU
		{64DBC538-E352-421D-9506-0590A01D9307}.Debug|Any CPU.Build.0 = Debug|Any CPU
		{64DBC538-E352-421D-9506-0590A01D9307}.Release|Any CPU.ActiveCfg = Release|Any CPU
		{64DBC538-E352-421D-9506-0590A01D9307}.Release|Any CPU.Build.0 = Release|Any CPU
		{E009B8FB-71DC-4DB9-A368-67D3592F37FD}.Debug|Any CPU.ActiveCfg = Debug|Any CPU
		{E009B8FB-71DC-4DB9-A368-67D3592F37FD}.Debug|Any CPU.Build.0 = Debug|Any CPU
		{E009B8FB-71DC-4DB9-A368-67D3592F37FD}.Release|Any CPU.ActiveCfg = Release|Any CPU
		{E009B8FB-71DC-4DB9-A368-67D3592F37FD}.Release|Any CPU.Build.0 = Release|Any CPU
	EndGlobalSection
	GlobalSection(MonoDevelopProperties) = preSolution
		StartupItem = XamarinEvolveAndroid.csproj
	EndGlobalSection
EndGlobal
